
Microsoft Visual Studio Solution File, Format Version 12.00
# Visual Studio 15
VisualStudioVersion = 15.0.26124.0
MinimumVisualStudioVersion = 15.0.26124.0
Project("{2150E333-8FDC-42A3-9474-1A3956D46DE8}") = "src", "src", "{67E35F85-2E9D-400E-9979-D71AC0657969}"
EndProject
Project("{FAE04EC0-301F-11D3-BF4B-00C04F79EFBC}") = "FilesProj", "src\FilesProj\FilesProj.csproj", "{2CA62223-C8CB-4177-B629-AE2B344F8DF1}"
EndProject
Project("{FAE04EC0-301F-11D3-BF4B-00C04F79EFBC}") = "EmployeeProj", "src\EmployeeProj\EmployeeProj.csproj", "{29E5D25B-C1D7-4E9F-8AC2-C3A755F7FEAE}"
EndProject
Project("{FAE04EC0-301F-11D3-BF4B-00C04F79EFBC}") = "MovieProj", "src\MovieProj\MovieProj.csproj", "{4574F16C-78A2-436E-BD88-4B65145C0D71}"
EndProject
Project("{FAE04EC0-301F-11D3-BF4B-00C04F79EFBC}") = "CarsProj", "src\CarsProj\CarsProj.csproj", "{A93FE187-F59A-486E-AD26-8CA55EC359E1}"
EndProject
Global
	GlobalSection(SolutionConfigurationPlatforms) = preSolution
		Debug|Any CPU = Debug|Any CPU
		Debug|x64 = Debug|x64
		Debug|x86 = Debug|x86
		Release|Any CPU = Release|Any CPU
		Release|x64 = Release|x64
		Release|x86 = Release|x86
	EndGlobalSection
	GlobalSection(SolutionProperties) = preSolution
		HideSolutionNode = FALSE
	EndGlobalSection
	GlobalSection(ProjectConfigurationPlatforms) = postSolution
		{2CA62223-C8CB-4177-B629-AE2B344F8DF1}.Debug|Any CPU.ActiveCfg = Debug|Any CPU
		{2CA62223-C8CB-4177-B629-AE2B344F8DF1}.Debug|Any CPU.Build.0 = Debug|Any CPU
		{2CA62223-C8CB-4177-B629-AE2B344F8DF1}.Debug|x64.ActiveCfg = Debug|Any CPU
		{2CA62223-C8CB-4177-B629-AE2B344F8DF1}.Debug|x64.Build.0 = Debug|Any CPU
		{2CA62223-C8CB-4177-B629-AE2B344F8DF1}.Debug|x86.ActiveCfg = Debug|Any CPU
		{2CA62223-C8CB-4177-B629-AE2B344F8DF1}.Debug|x86.Build.0 = Debug|Any CPU
		{2CA62223-C8CB-4177-B629-AE2B344F8DF1}.Release|Any CPU.ActiveCfg = Release|Any CPU
		{2CA62223-C8CB-4177-B629-AE2B344F8DF1}.Release|Any CPU.Build.0 = Release|Any CPU
		{2CA62223-C8CB-4177-B629-AE2B344F8DF1}.Release|x64.ActiveCfg = Release|Any CPU
		{2CA62223-C8CB-4177-B629-AE2B344F8DF1}.Release|x64.Build.0 = Release|Any CPU
		{2CA62223-C8CB-4177-B629-AE2B344F8DF1}.Release|x86.ActiveCfg = Release|Any CPU
		{2CA62223-C8CB-4177-B629-AE2B344F8DF1}.Release|x86.Build.0 = Release|Any CPU
		{29E5D25B-C1D7-4E9F-8AC2-C3A755F7FEAE}.Debug|Any CPU.ActiveCfg = Debug|Any CPU
		{29E5D25B-C1D7-4E9F-8AC2-C3A755F7FEAE}.Debug|Any CPU.Build.0 = Debug|Any CPU
		{29E5D25B-C1D7-4E9F-8AC2-C3A755F7FEAE}.Debug|x64.ActiveCfg = Debug|Any CPU
		{29E5D25B-C1D7-4E9F-8AC2-C3A755F7FEAE}.Debug|x64.Build.0 = Debug|Any CPU
		{29E5D25B-C1D7-4E9F-8AC2-C3A755F7FEAE}.Debug|x86.ActiveCfg = Debug|Any CPU
		{29E5D25B-C1D7-4E9F-8AC2-C3A755F7FEAE}.Debug|x86.Build.0 = Debug|Any CPU
		{29E5D25B-C1D7-4E9F-8AC2-C3A755F7FEAE}.Release|Any CPU.ActiveCfg = Release|Any CPU
		{29E5D25B-C1D7-4E9F-8AC2-C3A755F7FEAE}.Release|Any CPU.Build.0 = Release|Any CPU
		{29E5D25B-C1D7-4E9F-8AC2-C3A755F7FEAE}.Release|x64.ActiveCfg = Release|Any CPU
		{29E5D25B-C1D7-4E9F-8AC2-C3A755F7FEAE}.Release|x64.Build.0 = Release|Any CPU
		{29E5D25B-C1D7-4E9F-8AC2-C3A755F7FEAE}.Release|x86.ActiveCfg = Release|Any CPU
		{29E5D25B-C1D7-4E9F-8AC2-C3A755F7FEAE}.Release|x86.Build.0 = Release|Any CPU
		{4574F16C-78A2-436E-BD88-4B65145C0D71}.Debug|Any CPU.ActiveCfg = Debug|Any CPU
		{4574F16C-78A2-436E-BD88-4B65145C0D71}.Debug|Any CPU.Build.0 = Debug|Any CPU
		{4574F16C-78A2-436E-BD88-4B65145C0D71}.Debug|x64.ActiveCfg = Debug|Any CPU
		{4574F16C-78A2-436E-BD88-4B65145C0D71}.Debug|x64.Build.0 = Debug|Any CPU
		{4574F16C-78A2-436E-BD88-4B65145C0D71}.Debug|x86.ActiveCfg = Debug|Any CPU
		{4574F16C-78A2-436E-BD88-4B65145C0D71}.Debug|x86.Build.0 = Debug|Any CPU
		{4574F16C-78A2-436E-BD88-4B65145C0D71}.Release|Any CPU.ActiveCfg = Release|Any CPU
		{4574F16C-78A2-436E-BD88-4B65145C0D71}.Release|Any CPU.Build.0 = Release|Any CPU
		{4574F16C-78A2-436E-BD88-4B65145C0D71}.Release|x64.ActiveCfg = Release|Any CPU
		{4574F16C-78A2-436E-BD88-4B65145C0D71}.Release|x64.Build.0 = Release|Any CPU
		{4574F16C-78A2-436E-BD88-4B65145C0D71}.Release|x86.ActiveCfg = Release|Any CPU
		{4574F16C-78A2-436E-BD88-4B65145C0D71}.Release|x86.Build.0 = Release|Any CPU
		{A93FE187-F59A-486E-AD26-8CA55EC359E1}.Debug|Any CPU.ActiveCfg = Debug|Any CPU
		{A93FE187-F59A-486E-AD26-8CA55EC359E1}.Debug|Any CPU.Build.0 = Debug|Any CPU
		{A93FE187-F59A-486E-AD26-8CA55EC359E1}.Debug|x64.ActiveCfg = Debug|Any CPU
		{A93FE187-F59A-486E-AD26-8CA55EC359E1}.Debug|x64.Build.0 = Debug|Any CPU
		{A93FE187-F59A-486E-AD26-8CA55EC359E1}.Debug|x86.ActiveCfg = Debug|Any CPU
		{A93FE187-F59A-486E-AD26-8CA55EC359E1}.Debug|x86.Build.0 = Debug|Any CPU
		{A93FE187-F59A-486E-AD26-8CA55EC359E1}.Release|Any CPU.ActiveCfg = Release|Any CPU
		{A93FE187-F59A-486E-AD26-8CA55EC359E1}.Release|Any CPU.Build.0 = Release|Any CPU
		{A93FE187-F59A-486E-AD26-8CA55EC359E1}.Release|x64.ActiveCfg = Release|Any CPU
		{A93FE187-F59A-486E-AD26-8CA55EC359E1}.Release|x64.Build.0 = Release|Any CPU
		{A93FE187-F59A-486E-AD26-8CA55EC359E1}.Release|x86.ActiveCfg = Release|Any CPU
		{A93FE187-F59A-486E-AD26-8CA55EC359E1}.Release|x86.Build.0 = Release|Any CPU
	EndGlobalSection
	GlobalSection(NestedProjects) = preSolution
		{2CA62223-C8CB-4177-B629-AE2B344F8DF1} = {67E35F85-2E9D-400E-9979-D71AC0657969}
		{29E5D25B-C1D7-4E9F-8AC2-C3A755F7FEAE} = {67E35F85-2E9D-400E-9979-D71AC0657969}
		{4574F16C-78A2-436E-BD88-4B65145C0D71} = {67E35F85-2E9D-400E-9979-D71AC0657969}
		{A93FE187-F59A-486E-AD26-8CA55EC359E1} = {67E35F85-2E9D-400E-9979-D71AC0657969}
	EndGlobalSection
EndGlobal
